
Microsoft Visual Studio Solution File, Format Version 12.00
# Visual Studio 2013
VisualStudioVersion = 12.0.21005.1
MinimumVisualStudioVersion = 10.0.40219.1
Project("{FAE04EC0-301F-11D3-BF4B-00C04F79EFBC}") = "t1", "t1\t1.csproj", "{A5E00E82-F07F-42F1-94D1-487136AC9D9D}"
EndProject
Global
	GlobalSection(SolutionConfigurationPlatforms) = preSolution
		Debug|Any CPU = Debug|Any CPU
		Release|Any CPU = Release|Any CPU
	EndGlobalSection
	GlobalSection(ProjectConfigurationPlatforms) = postSolution
		{A5E00E82-F07F-42F1-94D1-487136AC9D9D}.Debug|Any CPU.ActiveCfg = Debug|Any CPU
		{A5E00E82-F07F-42F1-94D1-487136AC9D9D}.Debug|Any CPU.Build.0 = Debug|Any CPU
		{A5E00E82-F07F-42F1-94D1-487136AC9D9D}.Release|Any CPU.ActiveCfg = Release|Any CPU
		{A5E00E82-F07F-42F1-94D1-487136AC9D9D}.Release|Any CPU.Build.0 = Release|Any CPU
	EndGlobalSection
	GlobalSection(SolutionProperties) = preSolution
		HideSolutionNode = FALSE
	EndGlobalSection
EndGlobal
